
Microsoft Visual Studio Solution File, Format Version 12.00
# Visual Studio Version 16
VisualStudioVersion = 16.0.29613.14
MinimumVisualStudioVersion = 10.0.40219.1
Project("{2150E333-8FDC-42A3-9474-1A3956D46DE8}") = "Solution Items", "Solution Items", "{CA68D8AE-54AD-4BB0-B93F-A54D44AE8636}"
	ProjectSection(SolutionItems) = preProject
		.editorconfig = .editorconfig
	EndProjectSection
EndProject
Project("{9A19103F-16F7-4668-BE54-9A1E7A4F7556}") = "HeroesReplay.CLI", "HeroesReplay.CLI\HeroesReplay.CLI.csproj", "{E60B8B1F-265F-4419-9215-832793EFC7F7}"
EndProject
Project("{9A19103F-16F7-4668-BE54-9A1E7A4F7556}") = "HeroesReplay.Tests", "HeroesReplay.Tests\HeroesReplay.Tests.csproj", "{83BE0499-92AE-4EF2-88D3-6AAE21755AB0}"
EndProject
Project("{FAE04EC0-301F-11D3-BF4B-00C04F79EFBC}") = "HeroesReplay.Core", "HeroesReplay.Core\HeroesReplay.Core.csproj", "{1F3B79A5-1AAE-4F1E-A2AD-2D0D30BA4351}"
EndProject
Global
	GlobalSection(SolutionConfigurationPlatforms) = preSolution
		Debug|Any CPU = Debug|Any CPU
		Release|Any CPU = Release|Any CPU
	EndGlobalSection
	GlobalSection(ProjectConfigurationPlatforms) = postSolution
		{E60B8B1F-265F-4419-9215-832793EFC7F7}.Debug|Any CPU.ActiveCfg = Debug|Any CPU
		{E60B8B1F-265F-4419-9215-832793EFC7F7}.Debug|Any CPU.Build.0 = Debug|Any CPU
		{E60B8B1F-265F-4419-9215-832793EFC7F7}.Release|Any CPU.ActiveCfg = Release|Any CPU
		{E60B8B1F-265F-4419-9215-832793EFC7F7}.Release|Any CPU.Build.0 = Release|Any CPU
		{83BE0499-92AE-4EF2-88D3-6AAE21755AB0}.Debug|Any CPU.ActiveCfg = Debug|Any CPU
		{83BE0499-92AE-4EF2-88D3-6AAE21755AB0}.Debug|Any CPU.Build.0 = Debug|Any CPU
		{83BE0499-92AE-4EF2-88D3-6AAE21755AB0}.Release|Any CPU.ActiveCfg = Release|Any CPU
		{83BE0499-92AE-4EF2-88D3-6AAE21755AB0}.Release|Any CPU.Build.0 = Release|Any CPU
		{1F3B79A5-1AAE-4F1E-A2AD-2D0D30BA4351}.Debug|Any CPU.ActiveCfg = Debug|Any CPU
		{1F3B79A5-1AAE-4F1E-A2AD-2D0D30BA4351}.Debug|Any CPU.Build.0 = Debug|Any CPU
		{1F3B79A5-1AAE-4F1E-A2AD-2D0D30BA4351}.Release|Any CPU.ActiveCfg = Release|Any CPU
		{1F3B79A5-1AAE-4F1E-A2AD-2D0D30BA4351}.Release|Any CPU.Build.0 = Release|Any CPU
	EndGlobalSection
	GlobalSection(SolutionProperties) = preSolution
		HideSolutionNode = FALSE
	EndGlobalSection
	GlobalSection(ExtensibilityGlobals) = postSolution
		SolutionGuid = {6CBF207C-29AE-40CE-B87C-DBE75223CD46}
	EndGlobalSection
EndGlobal
